<?xml version="1.0" encoding="utf-8"?>
<Project ToolsVersion="4.0" xmlns="http://schemas.microsoft.com/developer/msbuild/2003">
  <ItemGroup>
    <Filter Include="소스 파일">
      <UniqueIdentifier>{4FC737F1-C7A5-4376-A066-2A32D752A2FF}</UniqueIdentifier>
      <Extensions>cpp;c;cc;cxx;def;odl;idl;hpj;bat;asm;asmx</Extensions>
    </Filter>
    <Filter Include="헤더 파일">
      <UniqueIdentifier>{93995380-89BD-4b04-88EB-625FBE52EBFB}</UniqueIdentifier>
      <Extensions>h;hh;hpp;hxx;hm;inl;inc;xsd</Extensions>
    </Filter>
    <Filter Include="리소스 파일">
      <UniqueIdentifier>{67DA6AB6-F800-4c08-8B7A-83BB121AAD01}</UniqueIdentifier>
      <Extensions>rc;ico;cur;bmp;dlg;rc2;rct;bin;rgs;gif;jpg;jpeg;jpe;resx;tiff;tif;png;wav;mfcribbon-ms</Extensions>
    </Filter>
  </ItemGroup>
  <ItemGroup>
    <Text Include="ReadMe.txt" />
    <Text Include="VisulStudio 2015 관련 세팅.txt" />
    <Text Include="기반엔진교육자료.txt" />
  </ItemGroup>
  <ItemGroup>
    <ClInclude Include="EngineX.h">
      <Filter>헤더 파일</Filter>
    </ClInclude>
    <ClInclude Include="stdafx.h">
      <Filter>헤더 파일</Filter>
    </ClInclude>
    <ClInclude Include="targetver.h">
      <Filter>헤더 파일</Filter>
    </ClInclude>
    <ClInclude Include="MainFrm.h">
      <Filter>헤더 파일</Filter>
    </ClInclude>
    <ClInclude Include="EngineXDoc.h">
      <Filter>헤더 파일</Filter>
    </ClInclude>
    <ClInclude Include="EngineXView.h">
      <Filter>헤더 파일</Filter>
    </ClInclude>
    <ClInclude Include="Resource.h">
      <Filter>헤더 파일</Filter>
    </ClInclude>
    <ClInclude Include="BottomView.h">
      <Filter>헤더 파일</Filter>
    </ClInclude>
    <ClInclude Include="common.h">
      <Filter>헤더 파일</Filter>
    </ClInclude>
    <ClInclude Include="ds_ambtable.h">
      <Filter>헤더 파일</Filter>
    </ClInclude>
    <ClInclude Include="ds_atoken.h">
      <Filter>헤더 파일</Filter>
    </ClInclude>
    <ClInclude Include="ds_common.h">
      <Filter>헤더 파일</Filter>
    </ClInclude>
    <ClInclude Include="ds_hanja.h">
      <Filter>헤더 파일</Filter>
    </ClInclude>
    <ClInclude Include="ds_htoken.h">
      <Filter>헤더 파일</Filter>
    </ClInclude>
    <ClInclude Include="ds_list.h">
      <Filter>헤더 파일</Filter>
    </ClInclude>
    <ClInclude Include="ds_pretoken.h">
      <Filter>헤더 파일</Filter>
    </ClInclude>
    <ClInclude Include="na_convert.h">
      <Filter>헤더 파일</Filter>
    </ClInclude>
    <ClInclude Include="NAAmbiguity.h">
      <Filter>헤더 파일</Filter>
    </ClInclude>
    <ClInclude Include="nadictionary.h">
      <Filter>헤더 파일</Filter>
    </ClInclude>
    <ClInclude Include="NADocVector.h">
      <Filter>헤더 파일</Filter>
    </ClInclude>
    <ClInclude Include="naencdictionary.h">
      <Filter>헤더 파일</Filter>
    </ClInclude>
    <ClInclude Include="naentry.h">
      <Filter>헤더 파일</Filter>
    </ClInclude>
    <ClInclude Include="NAHangulAnaly.h">
      <Filter>헤더 파일</Filter>
    </ClInclude>
    <ClInclude Include="nahashnode.h">
      <Filter>헤더 파일</Filter>
    </ClInclude>
    <ClInclude Include="nahashtree.h">
      <Filter>헤더 파일</Filter>
    </ClInclude>
    <ClInclude Include="nalink.h">
      <Filter>헤더 파일</Filter>
    </ClInclude>
    <ClInclude Include="naobject.h">
      <Filter>헤더 파일</Filter>
    </ClInclude>
    <ClInclude Include="NAPreLinkedList.h">
      <Filter>헤더 파일</Filter>
    </ClInclude>
    <ClInclude Include="nautil.h">
      <Filter>헤더 파일</Filter>
    </ClInclude>
    <ClInclude Include="PreProcessor.h">
      <Filter>헤더 파일</Filter>
    </ClInclude>
    <ClInclude Include="SORT_FN.h">
      <Filter>헤더 파일</Filter>
    </ClInclude>
    <ClInclude Include="SplashScreenEx.h">
      <Filter>헤더 파일</Filter>
    </ClInclude>
    <ClInclude Include="StemEndDic.h">
      <Filter>헤더 파일</Filter>
    </ClInclude>
    <ClInclude Include="StringUtil.h">
      <Filter>헤더 파일</Filter>
    </ClInclude>
    <ClInclude Include="TE_LIST.h">
      <Filter>헤더 파일</Filter>
    </ClInclude>
    <ClInclude Include="TopView.h">
      <Filter>헤더 파일</Filter>
    </ClInclude>
    <ClInclude Include="FlatSplitterWnd.h">
      <Filter>헤더 파일</Filter>
    </ClInclude>
    <ClInclude Include="TabFirstDialog.h">
      <Filter>헤더 파일</Filter>
    </ClInclude>
    <ClInclude Include="StemAmbFeatureDialog.h">
      <Filter>헤더 파일</Filter>
    </ClInclude>
    <ClInclude Include="TabSecondDialog.h">
      <Filter>헤더 파일</Filter>
    </ClInclude>
    <ClInclude Include="TabThirdDialog.h">
      <Filter>헤더 파일</Filter>
    </ClInclude>
    <ClInclude Include="NAHangulUtil.h">
      <Filter>헤더 파일</Filter>
    </ClInclude>
    <ClInclude Include="TabFourthDialog.h">
      <Filter>헤더 파일</Filter>
    </ClInclude>
    <ClInclude Include="MorphoLogicalAnalysis.h">
      <Filter>헤더 파일</Filter>
    </ClInclude>
    <ClInclude Include="TabFifthDialog.h">
      <Filter>헤더 파일</Filter>
    </ClInclude>
  </ItemGroup>
  <ItemGroup>
    <ClCompile Include="EngineX.cpp">
      <Filter>소스 파일</Filter>
    </ClCompile>
    <ClCompile Include="stdafx.cpp">
      <Filter>소스 파일</Filter>
    </ClCompile>
    <ClCompile Include="MainFrm.cpp">
      <Filter>소스 파일</Filter>
    </ClCompile>
    <ClCompile Include="EngineXDoc.cpp">
      <Filter>소스 파일</Filter>
    </ClCompile>
    <ClCompile Include="EngineXView.cpp">
      <Filter>소스 파일</Filter>
    </ClCompile>
    <ClCompile Include="BottomView.cpp">
      <Filter>소스 파일</Filter>
    </ClCompile>
    <ClCompile Include="FlatSplitterWnd.cpp">
      <Filter>소스 파일</Filter>
    </ClCompile>
    <ClCompile Include="na_convert.cpp">
      <Filter>소스 파일</Filter>
    </ClCompile>
    <ClCompile Include="NAAmbiguity.cpp">
      <Filter>소스 파일</Filter>
    </ClCompile>
    <ClCompile Include="nadictionary.cpp">
      <Filter>소스 파일</Filter>
    </ClCompile>
    <ClCompile Include="NADocVector.cpp">
      <Filter>소스 파일</Filter>
    </ClCompile>
    <ClCompile Include="naencdictionary.cpp">
      <Filter>소스 파일</Filter>
    </ClCompile>
    <ClCompile Include="naentry.cpp">
      <Filter>소스 파일</Filter>
    </ClCompile>
    <ClCompile Include="NAHangulAnaly.cpp">
      <Filter>소스 파일</Filter>
    </ClCompile>
    <ClCompile Include="nahashnode.cpp">
      <Filter>소스 파일</Filter>
    </ClCompile>
    <ClCompile Include="nahashtree.cpp">
      <Filter>소스 파일</Filter>
    </ClCompile>
    <ClCompile Include="NAPreLinkedList.cpp">
      <Filter>소스 파일</Filter>
    </ClCompile>
    <ClCompile Include="nautil.cpp">
      <Filter>소스 파일</Filter>
    </ClCompile>
    <ClCompile Include="PreProcessor.cpp">
      <Filter>소스 파일</Filter>
    </ClCompile>
    <ClCompile Include="SORT_FN.cpp">
      <Filter>소스 파일</Filter>
    </ClCompile>
    <ClCompile Include="SplashScreenEx.cpp">
      <Filter>소스 파일</Filter>
    </ClCompile>
    <ClCompile Include="StemEndDic.cpp">
      <Filter>소스 파일</Filter>
    </ClCompile>
    <ClCompile Include="StringUtil.cpp">
      <Filter>소스 파일</Filter>
    </ClCompile>
    <ClCompile Include="TE_LIST.cpp">
      <Filter>소스 파일</Filter>
    </ClCompile>
    <ClCompile Include="TopView.cpp">
      <Filter>소스 파일</Filter>
    </ClCompile>
    <ClCompile Include="TabFirstDialog.cpp">
      <Filter>소스 파일</Filter>
    </ClCompile>
    <ClCompile Include="StemAmbFeatureDialog.cpp">
      <Filter>소스 파일</Filter>
    </ClCompile>
    <ClCompile Include="TabSecondDialog.cpp">
      <Filter>소스 파일</Filter>
    </ClCompile>
    <ClCompile Include="TabThirdDialog.cpp">
      <Filter>소스 파일</Filter>
    </ClCompile>
    <ClCompile Include="NAHangulUtil.cpp">
      <Filter>소스 파일</Filter>
    </ClCompile>
    <ClCompile Include="TabFourthDialog.cpp">
      <Filter>소스 파일</Filter>
    </ClCompile>
    <ClCompile Include="MorphoLogicalAnalysis.cpp">
      <Filter>소스 파일</Filter>
    </ClCompile>
    <ClCompile Include="TabFifthDialog.cpp">
      <Filter>소스 파일</Filter>
    </ClCompile>
  </ItemGroup>
  <ItemGroup>
    <ResourceCompile Include="EngineX.rc">
      <Filter>리소스 파일</Filter>
    </ResourceCompile>
  </ItemGroup>
  <ItemGroup>
    <None Include="res\EngineX.rc2">
      <Filter>리소스 파일</Filter>
    </None>
  </ItemGroup>
  <ItemGroup>
    <Image Include="res\EngineXDoc.ico">
      <Filter>리소스 파일</Filter>
    </Image>
    <Image Include="res\EngineX.ico">
      <Filter>리소스 파일</Filter>
    </Image>
    <Image Include="res\Toolbar.bmp">
      <Filter>리소스 파일</Filter>
    </Image>
    <Image Include="res\enginex_toolbar.bmp">
      <Filter>리소스 파일</Filter>
    </Image>
    <Image Include="res\enginex_toolbar_cold.bmp">
      <Filter>리소스 파일</Filter>
    </Image>
    <Image Include="res\enginex_toolbar_hot.bmp">
      <Filter>리소스 파일</Filter>
    </Image>
    <Image Include="res\loading.bmp">
      <Filter>리소스 파일</Filter>
    </Image>
  </ItemGroup>
</Project>